
Microsoft Visual Studio Solution File, Format Version 12.00
# Visual Studio Version 17
VisualStudioVersion = 17.10.34916.146
MinimumVisualStudioVersion = 10.0.40219.1
Project("{FAE04EC0-301F-11D3-BF4B-00C04F79EFBC}") = "pracRepositorio", "pracRepositorio\pracRepositorio.csproj", "{69FC6EE1-03A2-4DD0-98B7-6A5112F1D1AF}"
EndProject
Global
	GlobalSection(SolutionConfigurationPlatforms) = preSolution
		Debug|Any CPU = Debug|Any CPU
		Release|Any CPU = Release|Any CPU
	EndGlobalSection
	GlobalSection(ProjectConfigurationPlatforms) = postSolution
		{69FC6EE1-03A2-4DD0-98B7-6A5112F1D1AF}.Debug|Any CPU.ActiveCfg = Debug|Any CPU
		{69FC6EE1-03A2-4DD0-98B7-6A5112F1D1AF}.Debug|Any CPU.Build.0 = Debug|Any CPU
		{69FC6EE1-03A2-4DD0-98B7-6A5112F1D1AF}.Release|Any CPU.ActiveCfg = Release|Any CPU
		{69FC6EE1-03A2-4DD0-98B7-6A5112F1D1AF}.Release|Any CPU.Build.0 = Release|Any CPU
	EndGlobalSection
	GlobalSection(SolutionProperties) = preSolution
		HideSolutionNode = FALSE
	EndGlobalSection
	GlobalSection(ExtensibilityGlobals) = postSolution
		SolutionGuid = {E20EF7E0-5B63-4C69-9355-BC4114B0F2C5}
	EndGlobalSection
EndGlobal
